
Microsoft Visual Studio Solution File, Format Version 12.00
# Visual Studio Version 16
VisualStudioVersion = 16.0.31613.86
MinimumVisualStudioVersion = 10.0.40219.1
Project("{9A19103F-16F7-4668-BE54-9A1E7A4F7556}") = "MonitorAndDisableGateway", "MonitorAndDisableGateway\MonitorAndDisableGateway.csproj", "{CE293E00-96A2-4B95-9EFE-3DAA9384F800}"
EndProject
Global
	GlobalSection(SolutionConfigurationPlatforms) = preSolution
		Debug|Any CPU = Debug|Any CPU
		Release|Any CPU = Release|Any CPU
	EndGlobalSection
	GlobalSection(ProjectConfigurationPlatforms) = postSolution
		{CE293E00-96A2-4B95-9EFE-3DAA9384F800}.Debug|Any CPU.ActiveCfg = Debug|Any CPU
		{CE293E00-96A2-4B95-9EFE-3DAA9384F800}.Debug|Any CPU.Build.0 = Debug|Any CPU
		{CE293E00-96A2-4B95-9EFE-3DAA9384F800}.Release|Any CPU.ActiveCfg = Release|Any CPU
		{CE293E00-96A2-4B95-9EFE-3DAA9384F800}.Release|Any CPU.Build.0 = Release|Any CPU
	EndGlobalSection
	GlobalSection(SolutionProperties) = preSolution
		HideSolutionNode = FALSE
	EndGlobalSection
	GlobalSection(ExtensibilityGlobals) = postSolution
		SolutionGuid = {3363FDC1-009A-4601-BAA2-2313E8F6C1F2}
	EndGlobalSection
	GlobalSection(TeamFoundationVersionControl) = preSolution
		SccNumberOfProjects = 2
		SccEnterpriseProvider = {4CA58AB2-18FA-4F8D-95D4-32DDF27D184C}
		SccTeamFoundationServer = https://nimccoll.visualstudio.com/
		SccLocalPath0 = .
		SccProjectUniqueName1 = MonitorAndDisableGateway\\MonitorAndDisableGateway.csproj
		SccProjectName1 = MonitorAndDisableGateway
		SccLocalPath1 = MonitorAndDisableGateway
	EndGlobalSection
EndGlobal
